// !$*UTF8*$!
{
	archiveVersion = 1;
	classes = {
	};
	objectVersion = 77;
	objects = {

/* Begin PBXContainerItemProxy section */
		399A559A2CC0DD0A005B1FDE /* PBXContainerItemProxy */ = {
			isa = PBXContainerItemProxy;
			containerPortal = 399A55812CC0DD08005B1FDE /* Project object */;
			proxyType = 1;
			remoteGlobalIDString = 399A55882CC0DD08005B1FDE;
			remoteInfo = "Swear-Word-Ditection";
		};
		399A55A42CC0DD0A005B1FDE /* PBXContainerItemProxy */ = {
			isa = PBXContainerItemProxy;
			containerPortal = 399A55812CC0DD08005B1FDE /* Project object */;
			proxyType = 1;
			remoteGlobalIDString = 399A55882CC0DD08005B1FDE;
			remoteInfo = "Swear-Word-Ditection";
		};
/* End PBXContainerItemProxy section */

/* Begin PBXFileReference section */
		399A55892CC0DD08005B1FDE /* Swear-Word-Ditection.app */ = {isa = PBXFileReference; explicitFileType = wrapper.application; includeInIndex = 0; path = "Swear-Word-Ditection.app"; sourceTree = BUILT_PRODUCTS_DIR; };
		399A55992CC0DD0A005B1FDE /* Swear-Word-DitectionTests.xctest */ = {isa = PBXFileReference; explicitFileType = wrapper.cfbundle; includeInIndex = 0; path = "Swear-Word-DitectionTests.xctest"; sourceTree = BUILT_PRODUCTS_DIR; };
		399A55A32CC0DD0A005B1FDE /* Swear-Word-DitectionUITests.xctest */ = {isa = PBXFileReference; explicitFileType = wrapper.cfbundle; includeInIndex = 0; path = "Swear-Word-DitectionUITests.xctest"; sourceTree = BUILT_PRODUCTS_DIR; };
/* End PBXFileReference section */

/* Begin PBXFileSystemSynchronizedRootGroup section */
		399A558B2CC0DD08005B1FDE /* Swear-Word-Ditection */ = {
			isa = PBXFileSystemSynchronizedRootGroup;
			path = "Swear-Word-Ditection";
			sourceTree = "<group>";
		};
		399A559C2CC0DD0A005B1FDE /* Swear-Word-DitectionTests */ = {
			isa = PBXFileSystemSynchronizedRootGroup;
			path = "Swear-Word-DitectionTests";
			sourceTree = "<group>";
		};
		399A55A62CC0DD0A005B1FDE /* Swear-Word-DitectionUITests */ = {
			isa = PBXFileSystemSynchronizedRootGroup;
			path = "Swear-Word-DitectionUITests";
			sourceTree = "<group>";
		};
/* End PBXFileSystemSynchronizedRootGroup section */

/* Begin PBXFrameworksBuildPhase section */
		399A55862CC0DD08005B1FDE /* Frameworks */ = {
			isa = PBXFrameworksBuildPhase;
			buildActionMask = 2147483647;
			files = (
			);
			runOnlyForDeploymentPostprocessing = 0;
		};
		399A55962CC0DD0A005B1FDE /* Frameworks */ = {
			isa = PBXFrameworksBuildPhase;
			buildActionMask = 2147483647;
			files = (
			);
			runOnlyForDeploymentPostprocessing = 0;
		};
		399A55A02CC0DD0A005B1FDE /* Frameworks */ = {
			isa = PBXFrameworksBuildPhase;
			buildActionMask = 2147483647;
			files = (
			);
			runOnlyForDeploymentPostprocessing = 0;
		};
/* End PBXFrameworksBuildPhase section */

/* Begin PBXGroup section */
		399A55802CC0DD08005B1FDE = {
			isa = PBXGroup;
			children = (
				399A558B2CC0DD08005B1FDE /* Swear-Word-Ditection */,
				399A559C2CC0DD0A005B1FDE /* Swear-Word-DitectionTests */,
				399A55A62CC0DD0A005B1FDE /* Swear-Word-DitectionUITests */,
				399A558A2CC0DD08005B1FDE /* Products */,
			);
			sourceTree = "<group>";
		};
		399A558A2CC0DD08005B1FDE /* Products */ = {
			isa = PBXGroup;
			children = (
				399A55892CC0DD08005B1FDE /* Swear-Word-Ditection.app */,
				399A55992CC0DD0A005B1FDE /* Swear-Word-DitectionTests.xctest */,
				399A55A32CC0DD0A005B1FDE /* Swear-Word-DitectionUITests.xctest */,
			);
			name = Products;
			sourceTree = "<group>";
		};
/* End PBXGroup section */

/* Begin PBXNativeTarget section */
		399A55882CC0DD08005B1FDE /* Swear-Word-Ditection */ = {
			isa = PBXNativeTarget;
			buildConfigurationList = 399A55AD2CC0DD0A005B1FDE /* Build configuration list for PBXNativeTarget "Swear-Word-Ditection" */;
			buildPhases = (
				399A55852CC0DD08005B1FDE /* Sources */,
				399A55862CC0DD08005B1FDE /* Frameworks */,
				399A55872CC0DD08005B1FDE /* Resources */,
			);
			buildRules = (
			);
			dependencies = (
			);
			fileSystemSynchronizedGroups = (
				399A558B2CC0DD08005B1FDE /* Swear-Word-Ditection */,
			);
			name = "Swear-Word-Ditection";
			packageProductDependencies = (
			);
			productName = "Swear-Word-Ditection";
			productReference = 399A55892CC0DD08005B1FDE /* Swear-Word-Ditection.app */;
			productType = "com.apple.product-type.application";
		};
		399A55982CC0DD0A005B1FDE /* Swear-Word-DitectionTests */ = {
			isa = PBXNativeTarget;
			buildConfigurationList = 399A55B02CC0DD0A005B1FDE /* Build configuration list for PBXNativeTarget "Swear-Word-DitectionTests" */;
			buildPhases = (
				399A55952CC0DD0A005B1FDE /* Sources */,
				399A55962CC0DD0A005B1FDE /* Frameworks */,
				399A55972CC0DD0A005B1FDE /* Resources */,
			);
			buildRules = (
			);
			dependencies = (
				399A559B2CC0DD0A005B1FDE /* PBXTargetDependency */,
			);
			fileSystemSynchronizedGroups = (
				399A559C2CC0DD0A005B1FDE /* Swear-Word-DitectionTests */,
			);
			name = "Swear-Word-DitectionTests";
			packageProductDependencies = (
			);
			productName = "Swear-Word-DitectionTests";
			productReference = 399A55992CC0DD0A005B1FDE /* Swear-Word-DitectionTests.xctest */;
			productType = "com.apple.product-type.bundle.unit-test";
		};
		399A55A22CC0DD0A005B1FDE /* Swear-Word-DitectionUITests */ = {
			isa = PBXNativeTarget;
			buildConfigurationList = 399A55B32CC0DD0A005B1FDE /* Build configuration list for PBXNativeTarget "Swear-Word-DitectionUITests" */;
			buildPhases = (
				399A559F2CC0DD0A005B1FDE /* Sources */,
				399A55A02CC0DD0A005B1FDE /* Frameworks */,
				399A55A12CC0DD0A005B1FDE /* Resources */,
			);
			buildRules = (
			);
			dependencies = (
				399A55A52CC0DD0A005B1FDE /* PBXTargetDependency */,
			);
			fileSystemSynchronizedGroups = (
				399A55A62CC0DD0A005B1FDE /* Swear-Word-DitectionUITests */,
			);
			name = "Swear-Word-DitectionUITests";
			packageProductDependencies = (
			);
			productName = "Swear-Word-DitectionUITests";
			productReference = 399A55A32CC0DD0A005B1FDE /* Swear-Word-DitectionUITests.xctest */;
			productType = "com.apple.product-type.bundle.ui-testing";
		};
/* End PBXNativeTarget section */

/* Begin PBXProject section */
		399A55812CC0DD08005B1FDE /* Project object */ = {
			isa = PBXProject;
			attributes = {
				BuildIndependentTargetsInParallel = 1;
				LastSwiftUpdateCheck = 1600;
				LastUpgradeCheck = 1600;
				TargetAttributes = {
					399A55882CC0DD08005B1FDE = {
						CreatedOnToolsVersion = 16.0;
					};
					399A55982CC0DD0A005B1FDE = {
						CreatedOnToolsVersion = 16.0;
						TestTargetID = 399A55882CC0DD08005B1FDE;
					};
					399A55A22CC0DD0A005B1FDE = {
						CreatedOnToolsVersion = 16.0;
						TestTargetID = 399A55882CC0DD08005B1FDE;
					};
				};
			};
			buildConfigurationList = 399A55842CC0DD08005B1FDE /* Build configuration list for PBXProject "Swear-Word-Ditection" */;
			developmentRegion = en;
			hasScannedForEncodings = 0;
			knownRegions = (
				en,
				Base,
			);
			mainGroup = 399A55802CC0DD08005B1FDE;
			minimizedProjectReferenceProxies = 1;
			preferredProjectObjectVersion = 77;
			productRefGroup = 399A558A2CC0DD08005B1FDE /* Products */;
			projectDirPath = "";
			projectRoot = "";
			targets = (
				399A55882CC0DD08005B1FDE /* Swear-Word-Ditection */,
				399A55982CC0DD0A005B1FDE /* Swear-Word-DitectionTests */,
				399A55A22CC0DD0A005B1FDE /* Swear-Word-DitectionUITests */,
			);
		};
/* End PBXProject section */

/* Begin PBXResourcesBuildPhase section */
		399A55872CC0DD08005B1FDE /* Resources */ = {
			isa = PBXResourcesBuildPhase;
			buildActionMask = 2147483647;
			files = (
			);
			runOnlyForDeploymentPostprocessing = 0;
		};
		399A55972CC0DD0A005B1FDE /* Resources */ = {
			isa = PBXResourcesBuildPhase;
			buildActionMask = 2147483647;
			files = (
			);
			runOnlyForDeploymentPostprocessing = 0;
		};
		399A55A12CC0DD0A005B1FDE /* Resources */ = {
			isa = PBXResourcesBuildPhase;
			buildActionMask = 2147483647;
			files = (
			);
			runOnlyForDeploymentPostprocessing = 0;
		};
/* End PBXResourcesBuildPhase section */

/* Begin PBXSourcesBuildPhase section */
		399A55852CC0DD08005B1FDE /* Sources */ = {
			isa = PBXSourcesBuildPhase;
			buildActionMask = 2147483647;
			files = (
			);
			runOnlyForDeploymentPostprocessing = 0;
		};
		399A55952CC0DD0A005B1FDE /* Sources */ = {
			isa = PBXSourcesBuildPhase;
			buildActionMask = 2147483647;
			files = (
			);
			runOnlyForDeploymentPostprocessing = 0;
		};
		399A559F2CC0DD0A005B1FDE /* Sources */ = {
			isa = PBXSourcesBuildPhase;
			buildActionMask = 2147483647;
			files = (
			);
			runOnlyForDeploymentPostprocessing = 0;
		};
/* End PBXSourcesBuildPhase section */

/* Begin PBXTargetDependency section */
		399A559B2CC0DD0A005B1FDE /* PBXTargetDependency */ = {
			isa = PBXTargetDependency;
			target = 399A55882CC0DD08005B1FDE /* Swear-Word-Ditection */;
			targetProxy = 399A559A2CC0DD0A005B1FDE /* PBXContainerItemProxy */;
		};
		399A55A52CC0DD0A005B1FDE /* PBXTargetDependency */ = {
			isa = PBXTargetDependency;
			target = 399A55882CC0DD08005B1FDE /* Swear-Word-Ditection */;
			targetProxy = 399A55A42CC0DD0A005B1FDE /* PBXContainerItemProxy */;
		};
/* End PBXTargetDependency section */

/* Begin XCBuildConfiguration section */
		399A55AB2CC0DD0A005B1FDE /* Debug */ = {
			isa = XCBuildConfiguration;
			buildSettings = {
				ALWAYS_SEARCH_USER_PATHS = NO;
				ASSETCATALOG_COMPILER_GENERATE_SWIFT_ASSET_SYMBOL_EXTENSIONS = YES;
				CLANG_ANALYZER_NONNULL = YES;
				CLANG_ANALYZER_NUMBER_OBJECT_CONVERSION = YES_AGGRESSIVE;
				CLANG_CXX_LANGUAGE_STANDARD = "gnu++20";
				CLANG_ENABLE_MODULES = YES;
				CLANG_ENABLE_OBJC_ARC = YES;
				CLANG_ENABLE_OBJC_WEAK = YES;
				CLANG_WARN_BLOCK_CAPTURE_AUTORELEASING = YES;
				CLANG_WARN_BOOL_CONVERSION = YES;
				CLANG_WARN_COMMA = YES;
				CLANG_WARN_CONSTANT_CONVERSION = YES;
				CLANG_WARN_DEPRECATED_OBJC_IMPLEMENTATIONS = YES;
				CLANG_WARN_DIRECT_OBJC_ISA_USAGE = YES_ERROR;
				CLANG_WARN_DOCUMENTATION_COMMENTS = YES;
				CLANG_WARN_EMPTY_BODY = YES;
				CLANG_WARN_ENUM_CONVERSION = YES;
				CLANG_WARN_INFINITE_RECURSION = YES;
				CLANG_WARN_INT_CONVERSION = YES;
				CLANG_WARN_NON_LITERAL_NULL_CONVERSION = YES;
				CLANG_WARN_OBJC_IMPLICIT_RETAIN_SELF = YES;
				CLANG_WARN_OBJC_LITERAL_CONVERSION = YES;
				CLANG_WARN_OBJC_ROOT_CLASS = YES_ERROR;
				CLANG_WARN_QUOTED_INCLUDE_IN_FRAMEWORK_HEADER = YES;
				CLANG_WARN_RANGE_LOOP_ANALYSIS = YES;
				CLANG_WARN_STRICT_PROTOTYPES = YES;
				CLANG_WARN_SUSPICIOUS_MOVE = YES;
				CLANG_WARN_UNGUARDED_AVAILABILITY = YES_AGGRESSIVE;
				CLANG_WARN_UNREACHABLE_CODE = YES;
				CLANG_WARN__DUPLICATE_METHOD_MATCH = YES;
				COPY_PHASE_STRIP = NO;
				DEBUG_INFORMATION_FORMAT = dwarf;
				ENABLE_STRICT_OBJC_MSGSEND = YES;
				ENABLE_TESTABILITY = YES;
				ENABLE_USER_SCRIPT_SANDBOXING = YES;
				GCC_C_LANGUAGE_STANDARD = gnu17;
				GCC_DYNAMIC_NO_PIC = NO;
				GCC_NO_COMMON_BLOCKS = YES;
				GCC_OPTIMIZATION_LEVEL = 0;
				GCC_PREPROCESSOR_DEFINITIONS = (
					"DEBUG=1",
					"$(inherited)",
				);
				GCC_WARN_64_TO_32_BIT_CONVERSION = YES;
				GCC_WARN_ABOUT_RETURN_TYPE = YES_ERROR;
				GCC_WARN_UNDECLARED_SELECTOR = YES;
				GCC_WARN_UNINITIALIZED_AUTOS = YES_AGGRESSIVE;
				GCC_WARN_UNUSED_FUNCTION = YES;
				GCC_WARN_UNUSED_VARIABLE = YES;
				IPHONEOS_DEPLOYMENT_TARGET = 18.0;
				LOCALIZATION_PREFERS_STRING_CATALOGS = YES;
				MTL_ENABLE_DEBUG_INFO = INCLUDE_SOURCE;
				MTL_FAST_MATH = YES;
				ONLY_ACTIVE_ARCH = YES;
				SDKROOT = iphoneos;
				SWIFT_ACTIVE_COMPILATION_CONDITIONS = "DEBUG $(inherited)";
				SWIFT_OPTIMIZATION_LEVEL = "-Onone";
			};
			name = Debug;
		};
		399A55AC2CC0DD0A005B1FDE /* Release */ = {
			isa = XCBuildConfiguration;
			buildSettings = {
				ALWAYS_SEARCH_USER_PATHS = NO;
				ASSETCATALOG_COMPILER_GENERATE_SWIFT_ASSET_SYMBOL_EXTENSIONS = YES;
				CLANG_ANALYZER_NONNULL = YES;
				CLANG_ANALYZER_NUMBER_OBJECT_CONVERSION = YES_AGGRESSIVE;
				CLANG_CXX_LANGUAGE_STANDARD = "gnu++20";
				CLANG_ENABLE_MODULES = YES;
				CLANG_ENABLE_OBJC_ARC = YES;
				CLANG_ENABLE_OBJC_WEAK = YES;
				CLANG_WARN_BLOCK_CAPTURE_AUTORELEASING = YES;
				CLANG_WARN_BOOL_CONVERSION = YES;
				CLANG_WARN_COMMA = YES;
				CLANG_WARN_CONSTANT_CONVERSION = YES;
				CLANG_WARN_DEPRECATED_OBJC_IMPLEMENTATIONS = YES;
				CLANG_WARN_DIRECT_OBJC_ISA_USAGE = YES_ERROR;
				CLANG_WARN_DOCUMENTATION_COMMENTS = YES;
				CLANG_WARN_EMPTY_BODY = YES;
				CLANG_WARN_ENUM_CONVERSION = YES;
				CLANG_WARN_INFINITE_RECURSION = YES;
				CLANG_WARN_INT_CONVERSION = YES;
				CLANG_WARN_NON_LITERAL_NULL_CONVERSION = YES;
				CLANG_WARN_OBJC_IMPLICIT_RETAIN_SELF = YES;
				CLANG_WARN_OBJC_LITERAL_CONVERSION = YES;
				CLANG_WARN_OBJC_ROOT_CLASS = YES_ERROR;
				CLANG_WARN_QUOTED_INCLUDE_IN_FRAMEWORK_HEADER = YES;
				CLANG_WARN_RANGE_LOOP_ANALYSIS = YES;
				CLANG_WARN_STRICT_PROTOTYPES = YES;
				CLANG_WARN_SUSPICIOUS_MOVE = YES;
				CLANG_WARN_UNGUARDED_AVAILABILITY = YES_AGGRESSIVE;
				CLANG_WARN_UNREACHABLE_CODE = YES;
				CLANG_WARN__DUPLICATE_METHOD_MATCH = YES;
				COPY_PHASE_STRIP = NO;
				DEBUG_INFORMATION_FORMAT = "dwarf-with-dsym";
				ENABLE_NS_ASSERTIONS = NO;
				ENABLE_STRICT_OBJC_MSGSEND = YES;
				ENABLE_USER_SCRIPT_SANDBOXING = YES;
				GCC_C_LANGUAGE_STANDARD = gnu17;
				GCC_NO_COMMON_BLOCKS = YES;
				GCC_WARN_64_TO_32_BIT_CONVERSION = YES;
				GCC_WARN_ABOUT_RETURN_TYPE = YES_ERROR;
				GCC_WARN_UNDECLARED_SELECTOR = YES;
				GCC_WARN_UNINITIALIZED_AUTOS = YES_AGGRESSIVE;
				GCC_WARN_UNUSED_FUNCTION = YES;
				GCC_WARN_UNUSED_VARIABLE = YES;
				IPHONEOS_DEPLOYMENT_TARGET = 18.0;
				LOCALIZATION_PREFERS_STRING_CATALOGS = YES;
				MTL_ENABLE_DEBUG_INFO = NO;
				MTL_FAST_MATH = YES;
				SDKROOT = iphoneos;
				SWIFT_COMPILATION_MODE = wholemodule;
				VALIDATE_PRODUCT = YES;
			};
			name = Release;
		};
		399A55AE2CC0DD0A005B1FDE /* Debug */ = {
			isa = XCBuildConfiguration;
			buildSettings = {
				ASSETCATALOG_COMPILER_APPICON_NAME = AppIcon;
				ASSETCATALOG_COMPILER_GLOBAL_ACCENT_COLOR_NAME = AccentColor;
				CODE_SIGN_STYLE = Automatic;
				CURRENT_PROJECT_VERSION = 1;
				DEVELOPMENT_ASSET_PATHS = "\"Swear-Word-Ditection/Preview Content\"";
				DEVELOPMENT_TEAM = JF6B89ULG6;
				ENABLE_PREVIEWS = YES;
				GENERATE_INFOPLIST_FILE = YES;
				INFOPLIST_KEY_UIApplicationSceneManifest_Generation = YES;
				INFOPLIST_KEY_UIApplicationSupportsIndirectInputEvents = YES;
				INFOPLIST_KEY_UILaunchScreen_Generation = YES;
				INFOPLIST_KEY_UISupportedInterfaceOrientations_iPad = "UIInterfaceOrientationPortrait UIInterfaceOrientationPortraitUpsideDown UIInterfaceOrientationLandscapeLeft UIInterfaceOrientationLandscapeRight";
				INFOPLIST_KEY_UISupportedInterfaceOrientations_iPhone = "UIInterfaceOrientationPortrait UIInterfaceOrientationLandscapeLeft UIInterfaceOrientationLandscapeRight";
				LD_RUNPATH_SEARCH_PATHS = (
					"$(inherited)",
					"@executable_path/Frameworks",
				);
				MARKETING_VERSION = 1.0;
				PRODUCT_BUNDLE_IDENTIFIER = "minjae.Swear-Word-Ditection";
				PRODUCT_NAME = "$(TARGET_NAME)";
				SWIFT_EMIT_LOC_STRINGS = YES;
				SWIFT_VERSION = 5.0;
				TARGETED_DEVICE_FAMILY = "1,2";
			};
			name = Debug;
		};
		399A55AF2CC0DD0A005B1FDE /* Release */ = {
			isa = XCBuildConfiguration;
			buildSettings = {
				ASSETCATALOG_COMPILER_APPICON_NAME = AppIcon;
				ASSETCATALOG_COMPILER_GLOBAL_ACCENT_COLOR_NAME = AccentColor;
				CODE_SIGN_STYLE = Automatic;
				CURRENT_PROJECT_VERSION = 1;
				DEVELOPMENT_ASSET_PATHS = "\"Swear-Word-Ditection/Preview Content\"";
				DEVELOPMENT_TEAM = JF6B89ULG6;
				ENABLE_PREVIEWS = YES;
				GENERATE_INFOPLIST_FILE = YES;
				INFOPLIST_KEY_UIApplicationSceneManifest_Generation = YES;
				INFOPLIST_KEY_UIApplicationSupportsIndirectInputEvents = YES;
				INFOPLIST_KEY_UILaunchScreen_Generation = YES;
				INFOPLIST_KEY_UISupportedInterfaceOrientations_iPad = "UIInterfaceOrientationPortrait UIInterfaceOrientationPortraitUpsideDown UIInterfaceOrientationLandscapeLeft UIInterfaceOrientationLandscapeRight";
				INFOPLIST_KEY_UISupportedInterfaceOrientations_iPhone = "UIInterfaceOrientationPortrait UIInterfaceOrientationLandscapeLeft UIInterfaceOrientationLandscapeRight";
				LD_RUNPATH_SEARCH_PATHS = (
					"$(inherited)",
					"@executable_path/Frameworks",
				);
				MARKETING_VERSION = 1.0;
				PRODUCT_BUNDLE_IDENTIFIER = "minjae.Swear-Word-Ditection";
				PRODUCT_NAME = "$(TARGET_NAME)";
				SWIFT_EMIT_LOC_STRINGS = YES;
				SWIFT_VERSION = 5.0;
				TARGETED_DEVICE_FAMILY = "1,2";
			};
			name = Release;
		};
		399A55B12CC0DD0A005B1FDE /* Debug */ = {
			isa = XCBuildConfiguration;
			buildSettings = {
				BUNDLE_LOADER = "$(TEST_HOST)";
				CODE_SIGN_STYLE = Automatic;
				CURRENT_PROJECT_VERSION = 1;
				DEVELOPMENT_TEAM = JF6B89ULG6;
				GENERATE_INFOPLIST_FILE = YES;
				IPHONEOS_DEPLOYMENT_TARGET = 18.0;
				MARKETING_VERSION = 1.0;
				PRODUCT_BUNDLE_IDENTIFIER = "minjae.Swear-Word-DitectionTests";
				PRODUCT_NAME = "$(TARGET_NAME)";
				SWIFT_EMIT_LOC_STRINGS = NO;
				SWIFT_VERSION = 5.0;
				TARGETED_DEVICE_FAMILY = "1,2";
				TEST_HOST = "$(BUILT_PRODUCTS_DIR)/Swear-Word-Ditection.app/$(BUNDLE_EXECUTABLE_FOLDER_PATH)/Swear-Word-Ditection";
			};
			name = Debug;
		};
		399A55B22CC0DD0A005B1FDE /* Release */ = {
			isa = XCBuildConfiguration;
			buildSettings = {
				BUNDLE_LOADER = "$(TEST_HOST)";
				CODE_SIGN_STYLE = Automatic;
				CURRENT_PROJECT_VERSION = 1;
				DEVELOPMENT_TEAM = JF6B89ULG6;
				GENERATE_INFOPLIST_FILE = YES;
				IPHONEOS_DEPLOYMENT_TARGET = 18.0;
				MARKETING_VERSION = 1.0;
				PRODUCT_BUNDLE_IDENTIFIER = "minjae.Swear-Word-DitectionTests";
				PRODUCT_NAME = "$(TARGET_NAME)";
				SWIFT_EMIT_LOC_STRINGS = NO;
				SWIFT_VERSION = 5.0;
				TARGETED_DEVICE_FAMILY = "1,2";
				TEST_HOST = "$(BUILT_PRODUCTS_DIR)/Swear-Word-Ditection.app/$(BUNDLE_EXECUTABLE_FOLDER_PATH)/Swear-Word-Ditection";
			};
			name = Release;
		};
		399A55B42CC0DD0A005B1FDE /* Debug */ = {
			isa = XCBuildConfiguration;
			buildSettings = {
				CODE_SIGN_STYLE = Automatic;
				CURRENT_PROJECT_VERSION = 1;
				DEVELOPMENT_TEAM = JF6B89ULG6;
				GENERATE_INFOPLIST_FILE = YES;
				MARKETING_VERSION = 1.0;
				PRODUCT_BUNDLE_IDENTIFIER = "minjae.Swear-Word-DitectionUITests";
				PRODUCT_NAME = "$(TARGET_NAME)";
				SWIFT_EMIT_LOC_STRINGS = NO;
				SWIFT_VERSION = 5.0;
				TARGETED_DEVICE_FAMILY = "1,2";
				TEST_TARGET_NAME = "Swear-Word-Ditection";
			};
			name = Debug;
		};
		399A55B52CC0DD0A005B1FDE /* Release */ = {
			isa = XCBuildConfiguration;
			buildSettings = {
				CODE_SIGN_STYLE = Automatic;
				CURRENT_PROJECT_VERSION = 1;
				DEVELOPMENT_TEAM = JF6B89ULG6;
				GENERATE_INFOPLIST_FILE = YES;
				MARKETING_VERSION = 1.0;
				PRODUCT_BUNDLE_IDENTIFIER = "minjae.Swear-Word-DitectionUITests";
				PRODUCT_NAME = "$(TARGET_NAME)";
				SWIFT_EMIT_LOC_STRINGS = NO;
				SWIFT_VERSION = 5.0;
				TARGETED_DEVICE_FAMILY = "1,2";
				TEST_TARGET_NAME = "Swear-Word-Ditection";
			};
			name = Release;
		};
/* End XCBuildConfiguration section */

/* Begin XCConfigurationList section */
		399A55842CC0DD08005B1FDE /* Build configuration list for PBXProject "Swear-Word-Ditection" */ = {
			isa = XCConfigurationList;
			buildConfigurations = (
				399A55AB2CC0DD0A005B1FDE /* Debug */,
				399A55AC2CC0DD0A005B1FDE /* Release */,
			);
			defaultConfigurationIsVisible = 0;
			defaultConfigurationName = Release;
		};
		399A55AD2CC0DD0A005B1FDE /* Build configuration list for PBXNativeTarget "Swear-Word-Ditection" */ = {
			isa = XCConfigurationList;
			buildConfigurations = (
				399A55AE2CC0DD0A005B1FDE /* Debug */,
				399A55AF2CC0DD0A005B1FDE /* Release */,
			);
			defaultConfigurationIsVisible = 0;
			defaultConfigurationName = Release;
		};
		399A55B02CC0DD0A005B1FDE /* Build configuration list for PBXNativeTarget "Swear-Word-DitectionTests" */ = {
			isa = XCConfigurationList;
			buildConfigurations = (
				399A55B12CC0DD0A005B1FDE /* Debug */,
				399A55B22CC0DD0A005B1FDE /* Release */,
			);
			defaultConfigurationIsVisible = 0;
			defaultConfigurationName = Release;
		};
		399A55B32CC0DD0A005B1FDE /* Build configuration list for PBXNativeTarget "Swear-Word-DitectionUITests" */ = {
			isa = XCConfigurationList;
			buildConfigurations = (
				399A55B42CC0DD0A005B1FDE /* Debug */,
				399A55B52CC0DD0A005B1FDE /* Release */,
			);
			defaultConfigurationIsVisible = 0;
			defaultConfigurationName = Release;
		};
/* End XCConfigurationList section */
	};
	rootObject = 399A55812CC0DD08005B1FDE /* Project object */;
}
